
Microsoft Visual Studio Solution File, Format Version 12.00
# Visual Studio Version 16
VisualStudioVersion = 16.0.32106.194
MinimumVisualStudioVersion = 10.0.40219.1
Project("{2150E333-8FDC-42A3-9474-1A3956D46DE8}") = "Services", "Services", "{3BFC700A-949E-4094-B2E0-DFF653D5F64D}"
EndProject
Project("{2150E333-8FDC-42A3-9474-1A3956D46DE8}") = "Catalog", "Catalog", "{4B9570E5-0E9E-4410-A822-984E14153952}"
EndProject
Project("{9A19103F-16F7-4668-BE54-9A1E7A4F7556}") = "Catalog.API", "Services\Catalog\Catalog.API\Catalog.API.csproj", "{23441F38-BCA4-4AFE-BDCD-EAB5FA55F6C4}"
EndProject
Project("{E53339B2-1760-4266-BCC7-CA923CBCF16C}") = "docker-compose", "docker-compose.dcproj", "{B585572F-296C-43D8-BFF2-A701D83729DE}"
EndProject
Project("{2150E333-8FDC-42A3-9474-1A3956D46DE8}") = "Basket", "Basket", "{60253E2A-6F8F-44E9-B71C-75B8CA242154}"
EndProject
Project("{9A19103F-16F7-4668-BE54-9A1E7A4F7556}") = "Basket.API", "Services\Basket\Basket.API\Basket.API.csproj", "{D7DC49F1-1DFF-40EF-9264-AC8A95A29B3D}"
EndProject
Project("{2150E333-8FDC-42A3-9474-1A3956D46DE8}") = "BuildingBlocks", "BuildingBlocks", "{BD32A2C6-3E14-4BB9-BE2D-4930BEDC2AEB}"
EndProject
Project("{2150E333-8FDC-42A3-9474-1A3956D46DE8}") = "Common.Logging", "Common.Logging", "{8ABE7C49-85C2-418E-81B0-5EEDD988FC8B}"
EndProject
Project("{9A19103F-16F7-4668-BE54-9A1E7A4F7556}") = "Common.Logging", "BuildingBlocks\Common.Logging\Common.Logging.csproj", "{651A3E8B-B3D0-44CD-BFE5-D2B724C45E4B}"
EndProject
Project("{2150E333-8FDC-42A3-9474-1A3956D46DE8}") = "EventBus.Messages", "EventBus.Messages", "{1F847551-2D8D-420B-9B87-5E2699822F97}"
EndProject
Project("{9A19103F-16F7-4668-BE54-9A1E7A4F7556}") = "EventBus.Messages", "BuildingBlocks\EventBus.Messages\EventBus.Messages.csproj", "{B7FBDE52-C736-46DB-B6BD-D38643328954}"
EndProject
Project("{2150E333-8FDC-42A3-9474-1A3956D46DE8}") = "Discount", "Discount", "{1E43D5D3-544C-4A68-925B-1C533EB8EB2C}"
EndProject
Project("{9A19103F-16F7-4668-BE54-9A1E7A4F7556}") = "Discount.Grpc", "Services\Discount\Discount.Grpc\Discount.Grpc.csproj", "{578A090B-2139-47D5-A366-45D884A1A195}"
EndProject
Project("{9A19103F-16F7-4668-BE54-9A1E7A4F7556}") = "Discount.API", "Services\Discount\Discount.API\Discount.API.csproj", "{4CDDCA13-4095-4437-A2C6-00B7C335CE65}"
EndProject
Global
	GlobalSection(SolutionConfigurationPlatforms) = preSolution
		Debug|Any CPU = Debug|Any CPU
		Release|Any CPU = Release|Any CPU
	EndGlobalSection
	GlobalSection(ProjectConfigurationPlatforms) = postSolution
		{23441F38-BCA4-4AFE-BDCD-EAB5FA55F6C4}.Debug|Any CPU.ActiveCfg = Debug|Any CPU
		{23441F38-BCA4-4AFE-BDCD-EAB5FA55F6C4}.Debug|Any CPU.Build.0 = Debug|Any CPU
		{23441F38-BCA4-4AFE-BDCD-EAB5FA55F6C4}.Release|Any CPU.ActiveCfg = Release|Any CPU
		{23441F38-BCA4-4AFE-BDCD-EAB5FA55F6C4}.Release|Any CPU.Build.0 = Release|Any CPU
		{B585572F-296C-43D8-BFF2-A701D83729DE}.Debug|Any CPU.ActiveCfg = Debug|Any CPU
		{B585572F-296C-43D8-BFF2-A701D83729DE}.Debug|Any CPU.Build.0 = Debug|Any CPU
		{B585572F-296C-43D8-BFF2-A701D83729DE}.Release|Any CPU.ActiveCfg = Release|Any CPU
		{B585572F-296C-43D8-BFF2-A701D83729DE}.Release|Any CPU.Build.0 = Release|Any CPU
		{D7DC49F1-1DFF-40EF-9264-AC8A95A29B3D}.Debug|Any CPU.ActiveCfg = Debug|Any CPU
		{D7DC49F1-1DFF-40EF-9264-AC8A95A29B3D}.Debug|Any CPU.Build.0 = Debug|Any CPU
		{D7DC49F1-1DFF-40EF-9264-AC8A95A29B3D}.Release|Any CPU.ActiveCfg = Release|Any CPU
		{D7DC49F1-1DFF-40EF-9264-AC8A95A29B3D}.Release|Any CPU.Build.0 = Release|Any CPU
		{651A3E8B-B3D0-44CD-BFE5-D2B724C45E4B}.Debug|Any CPU.ActiveCfg = Debug|Any CPU
		{651A3E8B-B3D0-44CD-BFE5-D2B724C45E4B}.Debug|Any CPU.Build.0 = Debug|Any CPU
		{651A3E8B-B3D0-44CD-BFE5-D2B724C45E4B}.Release|Any CPU.ActiveCfg = Release|Any CPU
		{651A3E8B-B3D0-44CD-BFE5-D2B724C45E4B}.Release|Any CPU.Build.0 = Release|Any CPU
		{B7FBDE52-C736-46DB-B6BD-D38643328954}.Debug|Any CPU.ActiveCfg = Debug|Any CPU
		{B7FBDE52-C736-46DB-B6BD-D38643328954}.Debug|Any CPU.Build.0 = Debug|Any CPU
		{B7FBDE52-C736-46DB-B6BD-D38643328954}.Release|Any CPU.ActiveCfg = Release|Any CPU
		{B7FBDE52-C736-46DB-B6BD-D38643328954}.Release|Any CPU.Build.0 = Release|Any CPU
		{578A090B-2139-47D5-A366-45D884A1A195}.Debug|Any CPU.ActiveCfg = Debug|Any CPU
		{578A090B-2139-47D5-A366-45D884A1A195}.Debug|Any CPU.Build.0 = Debug|Any CPU
		{578A090B-2139-47D5-A366-45D884A1A195}.Release|Any CPU.ActiveCfg = Release|Any CPU
		{578A090B-2139-47D5-A366-45D884A1A195}.Release|Any CPU.Build.0 = Release|Any CPU
		{4CDDCA13-4095-4437-A2C6-00B7C335CE65}.Debug|Any CPU.ActiveCfg = Debug|Any CPU
		{4CDDCA13-4095-4437-A2C6-00B7C335CE65}.Debug|Any CPU.Build.0 = Debug|Any CPU
		{4CDDCA13-4095-4437-A2C6-00B7C335CE65}.Release|Any CPU.ActiveCfg = Release|Any CPU
		{4CDDCA13-4095-4437-A2C6-00B7C335CE65}.Release|Any CPU.Build.0 = Release|Any CPU
	EndGlobalSection
	GlobalSection(SolutionProperties) = preSolution
		HideSolutionNode = FALSE
	EndGlobalSection
	GlobalSection(NestedProjects) = preSolution
		{4B9570E5-0E9E-4410-A822-984E14153952} = {3BFC700A-949E-4094-B2E0-DFF653D5F64D}
		{23441F38-BCA4-4AFE-BDCD-EAB5FA55F6C4} = {4B9570E5-0E9E-4410-A822-984E14153952}
		{60253E2A-6F8F-44E9-B71C-75B8CA242154} = {3BFC700A-949E-4094-B2E0-DFF653D5F64D}
		{D7DC49F1-1DFF-40EF-9264-AC8A95A29B3D} = {60253E2A-6F8F-44E9-B71C-75B8CA242154}
		{8ABE7C49-85C2-418E-81B0-5EEDD988FC8B} = {BD32A2C6-3E14-4BB9-BE2D-4930BEDC2AEB}
		{651A3E8B-B3D0-44CD-BFE5-D2B724C45E4B} = {8ABE7C49-85C2-418E-81B0-5EEDD988FC8B}
		{1F847551-2D8D-420B-9B87-5E2699822F97} = {BD32A2C6-3E14-4BB9-BE2D-4930BEDC2AEB}
		{B7FBDE52-C736-46DB-B6BD-D38643328954} = {1F847551-2D8D-420B-9B87-5E2699822F97}
		{1E43D5D3-544C-4A68-925B-1C533EB8EB2C} = {3BFC700A-949E-4094-B2E0-DFF653D5F64D}
		{578A090B-2139-47D5-A366-45D884A1A195} = {1E43D5D3-544C-4A68-925B-1C533EB8EB2C}
		{4CDDCA13-4095-4437-A2C6-00B7C335CE65} = {1E43D5D3-544C-4A68-925B-1C533EB8EB2C}
	EndGlobalSection
	GlobalSection(ExtensibilityGlobals) = postSolution
		SolutionGuid = {EDDDD2B7-890C-4D4E-BF4D-B18C8712DD7F}
	EndGlobalSection
EndGlobal
